// !$*UTF8*$!
{
	archiveVersion = 1;
	classes = {
	};
	objectVersion = 56;
	objects = {

/* Begin PBXBuildFile section */
		D0AA80BF2989DEEE009FC79D /* AppDelegate.swift in Sources */ = {isa = PBXBuildFile; fileRef = D0AA80BE2989DEEE009FC79D /* AppDelegate.swift */; };
		D0AA80C12989DEEE009FC79D /* SceneDelegate.swift in Sources */ = {isa = PBXBuildFile; fileRef = D0AA80C02989DEEE009FC79D /* SceneDelegate.swift */; };
		D0AA80C32989DEEE009FC79D /* CalculateViewController.swift in Sources */ = {isa = PBXBuildFile; fileRef = D0AA80C22989DEEE009FC79D /* CalculateViewController.swift */; };
		D0AA80C62989DEEE009FC79D /* Main.storyboard in Resources */ = {isa = PBXBuildFile; fileRef = D0AA80C42989DEEE009FC79D /* Main.storyboard */; };
		D0AA80C82989DEEE009FC79D /* Assets.xcassets in Resources */ = {isa = PBXBuildFile; fileRef = D0AA80C72989DEEE009FC79D /* Assets.xcassets */; };
		D0AA80CB2989DEEE009FC79D /* LaunchScreen.storyboard in Resources */ = {isa = PBXBuildFile; fileRef = D0AA80C92989DEEE009FC79D /* LaunchScreen.storyboard */; };
		D0E9FDB3298A0D5D00D865AF /* ResultVC.swift in Sources */ = {isa = PBXBuildFile; fileRef = D0E9FDB2298A0D5D00D865AF /* ResultVC.swift */; };
		D0E9FDB5298A12B000D865AF /* CalculatorBrain.swift in Sources */ = {isa = PBXBuildFile; fileRef = D0E9FDB4298A12B000D865AF /* CalculatorBrain.swift */; };
		D0E9FDB7298A1A0F00D865AF /* BMI.swift in Sources */ = {isa = PBXBuildFile; fileRef = D0E9FDB6298A1A0F00D865AF /* BMI.swift */; };
/* End PBXBuildFile section */

/* Begin PBXFileReference section */
		D0AA80BB2989DEEE009FC79D /* BMI Calculator.app */ = {isa = PBXFileReference; explicitFileType = wrapper.application; includeInIndex = 0; path = "BMI Calculator.app"; sourceTree = BUILT_PRODUCTS_DIR; };
		D0AA80BE2989DEEE009FC79D /* AppDelegate.swift */ = {isa = PBXFileReference; lastKnownFileType = sourcecode.swift; path = AppDelegate.swift; sourceTree = "<group>"; };
		D0AA80C02989DEEE009FC79D /* SceneDelegate.swift */ = {isa = PBXFileReference; lastKnownFileType = sourcecode.swift; path = SceneDelegate.swift; sourceTree = "<group>"; };
		D0AA80C22989DEEE009FC79D /* CalculateViewController.swift */ = {isa = PBXFileReference; lastKnownFileType = sourcecode.swift; path = CalculateViewController.swift; sourceTree = "<group>"; };
		D0AA80C52989DEEE009FC79D /* Base */ = {isa = PBXFileReference; lastKnownFileType = file.storyboard; name = Base; path = Base.lproj/Main.storyboard; sourceTree = "<group>"; };
		D0AA80C72989DEEE009FC79D /* Assets.xcassets */ = {isa = PBXFileReference; lastKnownFileType = folder.assetcatalog; path = Assets.xcassets; sourceTree = "<group>"; };
		D0AA80CA2989DEEE009FC79D /* Base */ = {isa = PBXFileReference; lastKnownFileType = file.storyboard; name = Base; path = Base.lproj/LaunchScreen.storyboard; sourceTree = "<group>"; };
		D0AA80CC2989DEEE009FC79D /* Info.plist */ = {isa = PBXFileReference; lastKnownFileType = text.plist.xml; path = Info.plist; sourceTree = "<group>"; };
		D0E9FDB2298A0D5D00D865AF /* ResultVC.swift */ = {isa = PBXFileReference; lastKnownFileType = sourcecode.swift; path = ResultVC.swift; sourceTree = "<group>"; };
		D0E9FDB4298A12B000D865AF /* CalculatorBrain.swift */ = {isa = PBXFileReference; lastKnownFileType = sourcecode.swift; path = CalculatorBrain.swift; sourceTree = "<group>"; };
		D0E9FDB6298A1A0F00D865AF /* BMI.swift */ = {isa = PBXFileReference; lastKnownFileType = sourcecode.swift; path = BMI.swift; sourceTree = "<group>"; };
/* End PBXFileReference section */

/* Begin PBXFrameworksBuildPhase section */
		D0AA80B82989DEEE009FC79D /* Frameworks */ = {
			isa = PBXFrameworksBuildPhase;
			buildActionMask = 2147483647;
			files = (
			);
			runOnlyForDeploymentPostprocessing = 0;
		};
/* End PBXFrameworksBuildPhase section */

/* Begin PBXGroup section */
		D0AA80B22989DEEE009FC79D = {
			isa = PBXGroup;
			children = (
				D0AA80BD2989DEEE009FC79D /* BMI Calculator */,
				D0AA80BC2989DEEE009FC79D /* Products */,
			);
			sourceTree = "<group>";
		};
		D0AA80BC2989DEEE009FC79D /* Products */ = {
			isa = PBXGroup;
			children = (
				D0AA80BB2989DEEE009FC79D /* BMI Calculator.app */,
			);
			name = Products;
			sourceTree = "<group>";
		};
		D0AA80BD2989DEEE009FC79D /* BMI Calculator */ = {
			isa = PBXGroup;
			children = (
				D0AA80BE2989DEEE009FC79D /* AppDelegate.swift */,
				D0AA80C02989DEEE009FC79D /* SceneDelegate.swift */,
				D0AA80D42989DF60009FC79D /* Model */,
				D0AA80D32989DF59009FC79D /* View */,
				D0AA80D22989DF52009FC79D /* Controller */,
				D0AA80C72989DEEE009FC79D /* Assets.xcassets */,
				D0AA80C92989DEEE009FC79D /* LaunchScreen.storyboard */,
				D0AA80CC2989DEEE009FC79D /* Info.plist */,
			);
			path = "BMI Calculator";
			sourceTree = "<group>";
		};
		D0AA80D22989DF52009FC79D /* Controller */ = {
			isa = PBXGroup;
			children = (
				D0AA80C22989DEEE009FC79D /* CalculateViewController.swift */,
				D0E9FDB2298A0D5D00D865AF /* ResultVC.swift */,
			);
			path = Controller;
			sourceTree = "<group>";
		};
		D0AA80D32989DF59009FC79D /* View */ = {
			isa = PBXGroup;
			children = (
				D0AA80C42989DEEE009FC79D /* Main.storyboard */,
			);
			path = View;
			sourceTree = "<group>";
		};
		D0AA80D42989DF60009FC79D /* Model */ = {
			isa = PBXGroup;
			children = (
				D0E9FDB4298A12B000D865AF /* CalculatorBrain.swift */,
				D0E9FDB6298A1A0F00D865AF /* BMI.swift */,
			);
			path = Model;
			sourceTree = "<group>";
		};
/* End PBXGroup section */

/* Begin PBXNativeTarget section */
		D0AA80BA2989DEEE009FC79D /* BMI Calculator */ = {
			isa = PBXNativeTarget;
			buildConfigurationList = D0AA80CF2989DEEE009FC79D /* Build configuration list for PBXNativeTarget "BMI Calculator" */;
			buildPhases = (
				D0AA80B72989DEEE009FC79D /* Sources */,
				D0AA80B82989DEEE009FC79D /* Frameworks */,
				D0AA80B92989DEEE009FC79D /* Resources */,
			);
			buildRules = (
			);
			dependencies = (
			);
			name = "BMI Calculator";
			productName = "BMI Calculator";
			productReference = D0AA80BB2989DEEE009FC79D /* BMI Calculator.app */;
			productType = "com.apple.product-type.application";
		};
/* End PBXNativeTarget section */

/* Begin PBXProject section */
		D0AA80B32989DEEE009FC79D /* Project object */ = {
			isa = PBXProject;
			attributes = {
				BuildIndependentTargetsInParallel = 1;
				LastSwiftUpdateCheck = 1420;
				LastUpgradeCheck = 1420;
				TargetAttributes = {
					D0AA80BA2989DEEE009FC79D = {
						CreatedOnToolsVersion = 14.2;
					};
				};
			};
			buildConfigurationList = D0AA80B62989DEEE009FC79D /* Build configuration list for PBXProject "BMI Calculator" */;
			compatibilityVersion = "Xcode 14.0";
			developmentRegion = en;
			hasScannedForEncodings = 0;
			knownRegions = (
				en,
				Base,
			);
			mainGroup = D0AA80B22989DEEE009FC79D;
			productRefGroup = D0AA80BC2989DEEE009FC79D /* Products */;
			projectDirPath = "";
			projectRoot = "";
			targets = (
				D0AA80BA2989DEEE009FC79D /* BMI Calculator */,
			);
		};
/* End PBXProject section */

/* Begin PBXResourcesBuildPhase section */
		D0AA80B92989DEEE009FC79D /* Resources */ = {
			isa = PBXResourcesBuildPhase;
			buildActionMask = 2147483647;
			files = (
				D0AA80CB2989DEEE009FC79D /* LaunchScreen.storyboard in Resources */,
				D0AA80C82989DEEE009FC79D /* Assets.xcassets in Resources */,
				D0AA80C62989DEEE009FC79D /* Main.storyboard in Resources */,
			);
			runOnlyForDeploymentPostprocessing = 0;
		};
/* End PBXResourcesBuildPhase section */

/* Begin PBXSourcesBuildPhase section */
		D0AA80B72989DEEE009FC79D /* Sources */ = {
			isa = PBXSourcesBuildPhase;
			buildActionMask = 2147483647;
			files = (
				D0AA80C32989DEEE009FC79D /* CalculateViewController.swift in Sources */,
				D0AA80BF2989DEEE009FC79D /* AppDelegate.swift in Sources */,
				D0E9FDB3298A0D5D00D865AF /* ResultVC.swift in Sources */,
				D0E9FDB5298A12B000D865AF /* CalculatorBrain.swift in Sources */,
				D0E9FDB7298A1A0F00D865AF /* BMI.swift in Sources */,
				D0AA80C12989DEEE009FC79D /* SceneDelegate.swift in Sources */,
			);
			runOnlyForDeploymentPostprocessing = 0;
		};
/* End PBXSourcesBuildPhase section */

/* Begin PBXVariantGroup section */
		D0AA80C42989DEEE009FC79D /* Main.storyboard */ = {
			isa = PBXVariantGroup;
			children = (
				D0AA80C52989DEEE009FC79D /* Base */,
			);
			name = Main.storyboard;
			sourceTree = "<group>";
		};
		D0AA80C92989DEEE009FC79D /* LaunchScreen.storyboard */ = {
			isa = PBXVariantGroup;
			children = (
				D0AA80CA2989DEEE009FC79D /* Base */,
			);
			name = LaunchScreen.storyboard;
			sourceTree = "<group>";
		};
/* End PBXVariantGroup section */

/* Begin XCBuildConfiguration section */
		D0AA80CD2989DEEE009FC79D /* Debug */ = {
			isa = XCBuildConfiguration;
			buildSettings = {
				ALWAYS_SEARCH_USER_PATHS = NO;
				CLANG_ANALYZER_NONNULL = YES;
				CLANG_ANALYZER_NUMBER_OBJECT_CONVERSION = YES_AGGRESSIVE;
				CLANG_CXX_LANGUAGE_STANDARD = "gnu++20";
				CLANG_ENABLE_MODULES = YES;
				CLANG_ENABLE_OBJC_ARC = YES;
				CLANG_ENABLE_OBJC_WEAK = YES;
				CLANG_WARN_BLOCK_CAPTURE_AUTORELEASING = YES;
				CLANG_WARN_BOOL_CONVERSION = YES;
				CLANG_WARN_COMMA = YES;
				CLANG_WARN_CONSTANT_CONVERSION = YES;
				CLANG_WARN_DEPRECATED_OBJC_IMPLEMENTATIONS = YES;
				CLANG_WARN_DIRECT_OBJC_ISA_USAGE = YES_ERROR;
				CLANG_WARN_DOCUMENTATION_COMMENTS = YES;
				CLANG_WARN_EMPTY_BODY = YES;
				CLANG_WARN_ENUM_CONVERSION = YES;
				CLANG_WARN_INFINITE_RECURSION = YES;
				CLANG_WARN_INT_CONVERSION = YES;
				CLANG_WARN_NON_LITERAL_NULL_CONVERSION = YES;
				CLANG_WARN_OBJC_IMPLICIT_RETAIN_SELF = YES;
				CLANG_WARN_OBJC_LITERAL_CONVERSION = YES;
				CLANG_WARN_OBJC_ROOT_CLASS = YES_ERROR;
				CLANG_WARN_QUOTED_INCLUDE_IN_FRAMEWORK_HEADER = YES;
				CLANG_WARN_RANGE_LOOP_ANALYSIS = YES;
				CLANG_WARN_STRICT_PROTOTYPES = YES;
				CLANG_WARN_SUSPICIOUS_MOVE = YES;
				CLANG_WARN_UNGUARDED_AVAILABILITY = YES_AGGRESSIVE;
				CLANG_WARN_UNREACHABLE_CODE = YES;
				CLANG_WARN__DUPLICATE_METHOD_MATCH = YES;
				COPY_PHASE_STRIP = NO;
				DEBUG_INFORMATION_FORMAT = dwarf;
				ENABLE_STRICT_OBJC_MSGSEND = YES;
				ENABLE_TESTABILITY = YES;
				GCC_C_LANGUAGE_STANDARD = gnu11;
				GCC_DYNAMIC_NO_PIC = NO;
				GCC_NO_COMMON_BLOCKS = YES;
				GCC_OPTIMIZATION_LEVEL = 0;
				GCC_PREPROCESSOR_DEFINITIONS = (
					"DEBUG=1",
					"$(inherited)",
				);
				GCC_WARN_64_TO_32_BIT_CONVERSION = YES;
				GCC_WARN_ABOUT_RETURN_TYPE = YES_ERROR;
				GCC_WARN_UNDECLARED_SELECTOR = YES;
				GCC_WARN_UNINITIALIZED_AUTOS = YES_AGGRESSIVE;
				GCC_WARN_UNUSED_FUNCTION = YES;
				GCC_WARN_UNUSED_VARIABLE = YES;
				IPHONEOS_DEPLOYMENT_TARGET = 16.2;
				MTL_ENABLE_DEBUG_INFO = INCLUDE_SOURCE;
				MTL_FAST_MATH = YES;
				ONLY_ACTIVE_ARCH = YES;
				SDKROOT = iphoneos;
				SWIFT_ACTIVE_COMPILATION_CONDITIONS = DEBUG;
				SWIFT_OPTIMIZATION_LEVEL = "-Onone";
			};
			name = Debug;
		};
		D0AA80CE2989DEEE009FC79D /* Release */ = {
			isa = XCBuildConfiguration;
			buildSettings = {
				ALWAYS_SEARCH_USER_PATHS = NO;
				CLANG_ANALYZER_NONNULL = YES;
				CLANG_ANALYZER_NUMBER_OBJECT_CONVERSION = YES_AGGRESSIVE;
				CLANG_CXX_LANGUAGE_STANDARD = "gnu++20";
				CLANG_ENABLE_MODULES = YES;
				CLANG_ENABLE_OBJC_ARC = YES;
				CLANG_ENABLE_OBJC_WEAK = YES;
				CLANG_WARN_BLOCK_CAPTURE_AUTORELEASING = YES;
				CLANG_WARN_BOOL_CONVERSION = YES;
				CLANG_WARN_COMMA = YES;
				CLANG_WARN_CONSTANT_CONVERSION = YES;
				CLANG_WARN_DEPRECATED_OBJC_IMPLEMENTATIONS = YES;
				CLANG_WARN_DIRECT_OBJC_ISA_USAGE = YES_ERROR;
				CLANG_WARN_DOCUMENTATION_COMMENTS = YES;
				CLANG_WARN_EMPTY_BODY = YES;
				CLANG_WARN_ENUM_CONVERSION = YES;
				CLANG_WARN_INFINITE_RECURSION = YES;
				CLANG_WARN_INT_CONVERSION = YES;
				CLANG_WARN_NON_LITERAL_NULL_CONVERSION = YES;
				CLANG_WARN_OBJC_IMPLICIT_RETAIN_SELF = YES;
				CLANG_WARN_OBJC_LITERAL_CONVERSION = YES;
				CLANG_WARN_OBJC_ROOT_CLASS = YES_ERROR;
				CLANG_WARN_QUOTED_INCLUDE_IN_FRAMEWORK_HEADER = YES;
				CLANG_WARN_RANGE_LOOP_ANALYSIS = YES;
				CLANG_WARN_STRICT_PROTOTYPES = YES;
				CLANG_WARN_SUSPICIOUS_MOVE = YES;
				CLANG_WARN_UNGUARDED_AVAILABILITY = YES_AGGRESSIVE;
				CLANG_WARN_UNREACHABLE_CODE = YES;
				CLANG_WARN__DUPLICATE_METHOD_MATCH = YES;
				COPY_PHASE_STRIP = NO;
				DEBUG_INFORMATION_FORMAT = "dwarf-with-dsym";
				ENABLE_NS_ASSERTIONS = NO;
				ENABLE_STRICT_OBJC_MSGSEND = YES;
				GCC_C_LANGUAGE_STANDARD = gnu11;
				GCC_NO_COMMON_BLOCKS = YES;
				GCC_WARN_64_TO_32_BIT_CONVERSION = YES;
				GCC_WARN_ABOUT_RETURN_TYPE = YES_ERROR;
				GCC_WARN_UNDECLARED_SELECTOR = YES;
				GCC_WARN_UNINITIALIZED_AUTOS = YES_AGGRESSIVE;
				GCC_WARN_UNUSED_FUNCTION = YES;
				GCC_WARN_UNUSED_VARIABLE = YES;
				IPHONEOS_DEPLOYMENT_TARGET = 16.2;
				MTL_ENABLE_DEBUG_INFO = NO;
				MTL_FAST_MATH = YES;
				SDKROOT = iphoneos;
				SWIFT_COMPILATION_MODE = wholemodule;
				SWIFT_OPTIMIZATION_LEVEL = "-O";
				VALIDATE_PRODUCT = YES;
			};
			name = Release;
		};
		D0AA80D02989DEEE009FC79D /* Debug */ = {
			isa = XCBuildConfiguration;
			buildSettings = {
				ASSETCATALOG_COMPILER_APPICON_NAME = AppIcon;
				ASSETCATALOG_COMPILER_GLOBAL_ACCENT_COLOR_NAME = AccentColor;
				CODE_SIGN_STYLE = Automatic;
				CURRENT_PROJECT_VERSION = 1;
				DEVELOPMENT_TEAM = B7Y7QR66JR;
				GENERATE_INFOPLIST_FILE = YES;
				INFOPLIST_FILE = "BMI Calculator/Info.plist";
				INFOPLIST_KEY_UIApplicationSupportsIndirectInputEvents = YES;
				INFOPLIST_KEY_UILaunchStoryboardName = LaunchScreen;
				INFOPLIST_KEY_UIMainStoryboardFile = Main;
				INFOPLIST_KEY_UISupportedInterfaceOrientations = UIInterfaceOrientationPortrait;
				LD_RUNPATH_SEARCH_PATHS = (
					"$(inherited)",
					"@executable_path/Frameworks",
				);
				MARKETING_VERSION = 1.0;
				PRODUCT_BUNDLE_IDENTIFIER = "com.example.BMI-Calculator";
				PRODUCT_NAME = "$(TARGET_NAME)";
				SUPPORTED_PLATFORMS = "iphoneos iphonesimulator";
				SUPPORTS_MACCATALYST = NO;
				SUPPORTS_MAC_DESIGNED_FOR_IPHONE_IPAD = NO;
				SWIFT_EMIT_LOC_STRINGS = YES;
				SWIFT_VERSION = 5.0;
				TARGETED_DEVICE_FAMILY = "1,2";
			};
			name = Debug;
		};
		D0AA80D12989DEEE009FC79D /* Release */ = {
			isa = XCBuildConfiguration;
			buildSettings = {
				ASSETCATALOG_COMPILER_APPICON_NAME = AppIcon;
				ASSETCATALOG_COMPILER_GLOBAL_ACCENT_COLOR_NAME = AccentColor;
				CODE_SIGN_STYLE = Automatic;
				CURRENT_PROJECT_VERSION = 1;
				DEVELOPMENT_TEAM = B7Y7QR66JR;
				GENERATE_INFOPLIST_FILE = YES;
				INFOPLIST_FILE = "BMI Calculator/Info.plist";
				INFOPLIST_KEY_UIApplicationSupportsIndirectInputEvents = YES;
				INFOPLIST_KEY_UILaunchStoryboardName = LaunchScreen;
				INFOPLIST_KEY_UIMainStoryboardFile = Main;
				INFOPLIST_KEY_UISupportedInterfaceOrientations = UIInterfaceOrientationPortrait;
				LD_RUNPATH_SEARCH_PATHS = (
					"$(inherited)",
					"@executable_path/Frameworks",
				);
				MARKETING_VERSION = 1.0;
				PRODUCT_BUNDLE_IDENTIFIER = "com.example.BMI-Calculator";
				PRODUCT_NAME = "$(TARGET_NAME)";
				SUPPORTED_PLATFORMS = "iphoneos iphonesimulator";
				SUPPORTS_MACCATALYST = NO;
				SUPPORTS_MAC_DESIGNED_FOR_IPHONE_IPAD = NO;
				SWIFT_EMIT_LOC_STRINGS = YES;
				SWIFT_VERSION = 5.0;
				TARGETED_DEVICE_FAMILY = "1,2";
			};
			name = Release;
		};
/* End XCBuildConfiguration section */

/* Begin XCConfigurationList section */
		D0AA80B62989DEEE009FC79D /* Build configuration list for PBXProject "BMI Calculator" */ = {
			isa = XCConfigurationList;
			buildConfigurations = (
				D0AA80CD2989DEEE009FC79D /* Debug */,
				D0AA80CE2989DEEE009FC79D /* Release */,
			);
			defaultConfigurationIsVisible = 0;
			defaultConfigurationName = Release;
		};
		D0AA80CF2989DEEE009FC79D /* Build configuration list for PBXNativeTarget "BMI Calculator" */ = {
			isa = XCConfigurationList;
			buildConfigurations = (
				D0AA80D02989DEEE009FC79D /* Debug */,
				D0AA80D12989DEEE009FC79D /* Release */,
			);
			defaultConfigurationIsVisible = 0;
			defaultConfigurationName = Release;
		};
/* End XCConfigurationList section */
	};
	rootObject = D0AA80B32989DEEE009FC79D /* Project object */;
}
